
Microsoft Visual Studio Solution File, Format Version 12.00
# Visual Studio Version 17
VisualStudioVersion = 17.11.35327.3
MinimumVisualStudioVersion = 10.0.40219.1
Project("{2150E333-8FDC-42A3-9474-1A3956D46DE8}") = "src", "src", "{7C5BA4E0-5E1C-46FF-B331-03C89C32A19B}"
EndProject
Project("{FAE04EC0-301F-11D3-BF4B-00C04F79EFBC}") = "LoanApplication.API", "src\LoanApplication.API\LoanApplication.API.csproj", "{B889C996-7844-4D4B-BFCA-727C9D745ACD}"
EndProject
Project("{FAE04EC0-301F-11D3-BF4B-00C04F79EFBC}") = "CustomerCredit.API", "src\CustomerCredit.API\CustomerCredit.API.csproj", "{CF40F11B-F24E-41DC-83C8-4183E80A1DC8}"
EndProject
Global
	GlobalSection(SolutionConfigurationPlatforms) = preSolution
		Debug|Any CPU = Debug|Any CPU
		Release|Any CPU = Release|Any CPU
	EndGlobalSection
	GlobalSection(ProjectConfigurationPlatforms) = postSolution
		{B889C996-7844-4D4B-BFCA-727C9D745ACD}.Debug|Any CPU.ActiveCfg = Debug|Any CPU
		{B889C996-7844-4D4B-BFCA-727C9D745ACD}.Debug|Any CPU.Build.0 = Debug|Any CPU
		{B889C996-7844-4D4B-BFCA-727C9D745ACD}.Release|Any CPU.ActiveCfg = Release|Any CPU
		{B889C996-7844-4D4B-BFCA-727C9D745ACD}.Release|Any CPU.Build.0 = Release|Any CPU
		{CF40F11B-F24E-41DC-83C8-4183E80A1DC8}.Debug|Any CPU.ActiveCfg = Debug|Any CPU
		{CF40F11B-F24E-41DC-83C8-4183E80A1DC8}.Debug|Any CPU.Build.0 = Debug|Any CPU
		{CF40F11B-F24E-41DC-83C8-4183E80A1DC8}.Release|Any CPU.ActiveCfg = Release|Any CPU
		{CF40F11B-F24E-41DC-83C8-4183E80A1DC8}.Release|Any CPU.Build.0 = Release|Any CPU
	EndGlobalSection
	GlobalSection(SolutionProperties) = preSolution
		HideSolutionNode = FALSE
	EndGlobalSection
	GlobalSection(NestedProjects) = preSolution
		{B889C996-7844-4D4B-BFCA-727C9D745ACD} = {7C5BA4E0-5E1C-46FF-B331-03C89C32A19B}
		{CF40F11B-F24E-41DC-83C8-4183E80A1DC8} = {7C5BA4E0-5E1C-46FF-B331-03C89C32A19B}
	EndGlobalSection
	GlobalSection(ExtensibilityGlobals) = postSolution
		SolutionGuid = {A0C62319-0CF6-4EA7-9FF5-8938137417DE}
	EndGlobalSection
EndGlobal
